
Microsoft Visual Studio Solution File, Format Version 12.00
# Visual Studio Version 16
VisualStudioVersion = 16.0.31105.61
MinimumVisualStudioVersion = 10.0.40219.1
Project("{FAE04EC0-301F-11D3-BF4B-00C04F79EFBC}") = "Core", "Core\Core.csproj", "{7EF9154B-E243-43B3-949F-56DEA323CC14}"
EndProject
Project("{FAE04EC0-301F-11D3-BF4B-00C04F79EFBC}") = "DataAccess", "DataAccess\DataAccess.csproj", "{6575D45D-5A97-4734-9046-372BF7BEC685}"
EndProject
Project("{FAE04EC0-301F-11D3-BF4B-00C04F79EFBC}") = "Business", "Business\Business.csproj", "{1611755D-3972-47D8-B522-D46334A096D6}"
EndProject
Project("{FAE04EC0-301F-11D3-BF4B-00C04F79EFBC}") = "Entities", "Entities\Entities.csproj", "{8C33B02C-9948-49AD-AC96-B542B2764CAC}"
EndProject
Project("{FAE04EC0-301F-11D3-BF4B-00C04F79EFBC}") = "ConsoleUI", "ConsoleUI\ConsoleUI.csproj", "{DBE6230F-70C2-4A72-B071-29CEAE1E5F1B}"
EndProject
Global
	GlobalSection(SolutionConfigurationPlatforms) = preSolution
		Debug|Any CPU = Debug|Any CPU
		Release|Any CPU = Release|Any CPU
	EndGlobalSection
	GlobalSection(ProjectConfigurationPlatforms) = postSolution
		{7EF9154B-E243-43B3-949F-56DEA323CC14}.Debug|Any CPU.ActiveCfg = Debug|Any CPU
		{7EF9154B-E243-43B3-949F-56DEA323CC14}.Debug|Any CPU.Build.0 = Debug|Any CPU
		{7EF9154B-E243-43B3-949F-56DEA323CC14}.Release|Any CPU.ActiveCfg = Release|Any CPU
		{7EF9154B-E243-43B3-949F-56DEA323CC14}.Release|Any CPU.Build.0 = Release|Any CPU
		{6575D45D-5A97-4734-9046-372BF7BEC685}.Debug|Any CPU.ActiveCfg = Debug|Any CPU
		{6575D45D-5A97-4734-9046-372BF7BEC685}.Debug|Any CPU.Build.0 = Debug|Any CPU
		{6575D45D-5A97-4734-9046-372BF7BEC685}.Release|Any CPU.ActiveCfg = Release|Any CPU
		{6575D45D-5A97-4734-9046-372BF7BEC685}.Release|Any CPU.Build.0 = Release|Any CPU
		{1611755D-3972-47D8-B522-D46334A096D6}.Debug|Any CPU.ActiveCfg = Debug|Any CPU
		{1611755D-3972-47D8-B522-D46334A096D6}.Debug|Any CPU.Build.0 = Debug|Any CPU
		{1611755D-3972-47D8-B522-D46334A096D6}.Release|Any CPU.ActiveCfg = Release|Any CPU
		{1611755D-3972-47D8-B522-D46334A096D6}.Release|Any CPU.Build.0 = Release|Any CPU
		{8C33B02C-9948-49AD-AC96-B542B2764CAC}.Debug|Any CPU.ActiveCfg = Debug|Any CPU
		{8C33B02C-9948-49AD-AC96-B542B2764CAC}.Debug|Any CPU.Build.0 = Debug|Any CPU
		{8C33B02C-9948-49AD-AC96-B542B2764CAC}.Release|Any CPU.ActiveCfg = Release|Any CPU
		{8C33B02C-9948-49AD-AC96-B542B2764CAC}.Release|Any CPU.Build.0 = Release|Any CPU
		{DBE6230F-70C2-4A72-B071-29CEAE1E5F1B}.Debug|Any CPU.ActiveCfg = Debug|Any CPU
		{DBE6230F-70C2-4A72-B071-29CEAE1E5F1B}.Debug|Any CPU.Build.0 = Debug|Any CPU
		{DBE6230F-70C2-4A72-B071-29CEAE1E5F1B}.Release|Any CPU.ActiveCfg = Release|Any CPU
		{DBE6230F-70C2-4A72-B071-29CEAE1E5F1B}.Release|Any CPU.Build.0 = Release|Any CPU
	EndGlobalSection
	GlobalSection(SolutionProperties) = preSolution
		HideSolutionNode = FALSE
	EndGlobalSection
	GlobalSection(ExtensibilityGlobals) = postSolution
		SolutionGuid = {2D3C12EE-C692-4D75-9B5C-5969898B8741}
	EndGlobalSection
EndGlobal
